{
    "_meta": {
        "hash": {
            "sha256": "0e6a46071e6312864077eabae796ae0fa12c4d01363c1193c8bda360c73f81ca"
        },
        "pipfile-spec": 6,
        "requires": {
            "python_version": "3.9"
        },
        "sources": [
            {
                "name": "pypi",
                "url": "https://pypi.python.org/simple",
                "verify_ssl": true
            }
        ]
    },
    "default": {
        "jpholiday": {
            "hashes": [
                "sha256:117895652111138d21353f5686a6eb68c36ccf69ffef4ad9246f7ba801f54cfc",
                "sha256:2f4bea7380a6cd6dc263e1fec37ea9699e7b7c7e0f6e4a44fe8910d0e1b130ad"
            ],
            "index": "pypi",
            "version": "==0.1.10"
        }
    },
    "develop": {}
}
